
Microsoft Visual Studio Solution File, Format Version 11.00
# Visual Studio 2010
Project("{FAE04EC0-301F-11D3-BF4B-00C04F79EFBC}") = "Ripit", "Ripit\Ripit.csproj", "{6A1DEFE7-38CC-402B-9625-9947D8F5165D}"
EndProject
Project("{FAE04EC0-301F-11D3-BF4B-00C04F79EFBC}") = "portableCPVanity", "portableCPVanity\portableCPVanity.csproj", "{45CBF82E-1974-49DA-870A-C4FF4BC6D497}"
EndProject
Project("{FAE04EC0-301F-11D3-BF4B-00C04F79EFBC}") = "droidCPVanity", "droidCPVanity\droidCPVanity.csproj", "{D8409FDB-CA16-4111-8893-FF6B2C9A0434}"
EndProject
Project("{FAE04EC0-301F-11D3-BF4B-00C04F79EFBC}") = "touchCPVanity", "touchCPVanity\touchCPVanity.csproj", "{646FAD16-6774-424E-B3E5-FFDE4B611040}"
EndProject
Global
	GlobalSection(SolutionConfigurationPlatforms) = preSolution
		Debug|Any CPU = Debug|Any CPU
		Release|Any CPU = Release|Any CPU
		Debug|iPhoneSimulator = Debug|iPhoneSimulator
		Release|iPhoneSimulator = Release|iPhoneSimulator
		Debug|iPhone = Debug|iPhone
		Release|iPhone = Release|iPhone
		Ad-Hoc|iPhone = Ad-Hoc|iPhone
		AppStore|iPhone = AppStore|iPhone
	EndGlobalSection
	GlobalSection(ProjectConfigurationPlatforms) = postSolution
		{45CBF82E-1974-49DA-870A-C4FF4BC6D497}.Ad-Hoc|iPhone.ActiveCfg = Debug|Any CPU
		{45CBF82E-1974-49DA-870A-C4FF4BC6D497}.Ad-Hoc|iPhone.Build.0 = Debug|Any CPU
		{45CBF82E-1974-49DA-870A-C4FF4BC6D497}.AppStore|iPhone.ActiveCfg = Debug|Any CPU
		{45CBF82E-1974-49DA-870A-C4FF4BC6D497}.AppStore|iPhone.Build.0 = Debug|Any CPU
		{45CBF82E-1974-49DA-870A-C4FF4BC6D497}.Debug|Any CPU.ActiveCfg = Debug|Any CPU
		{45CBF82E-1974-49DA-870A-C4FF4BC6D497}.Debug|Any CPU.Build.0 = Debug|Any CPU
		{45CBF82E-1974-49DA-870A-C4FF4BC6D497}.Debug|iPhone.ActiveCfg = Debug|Any CPU
		{45CBF82E-1974-49DA-870A-C4FF4BC6D497}.Debug|iPhone.Build.0 = Debug|Any CPU
		{45CBF82E-1974-49DA-870A-C4FF4BC6D497}.Debug|iPhoneSimulator.ActiveCfg = Debug|Any CPU
		{45CBF82E-1974-49DA-870A-C4FF4BC6D497}.Debug|iPhoneSimulator.Build.0 = Debug|Any CPU
		{45CBF82E-1974-49DA-870A-C4FF4BC6D497}.Release|Any CPU.ActiveCfg = Release|Any CPU
		{45CBF82E-1974-49DA-870A-C4FF4BC6D497}.Release|Any CPU.Build.0 = Release|Any CPU
		{45CBF82E-1974-49DA-870A-C4FF4BC6D497}.Release|iPhone.ActiveCfg = Release|Any CPU
		{45CBF82E-1974-49DA-870A-C4FF4BC6D497}.Release|iPhone.Build.0 = Release|Any CPU
		{45CBF82E-1974-49DA-870A-C4FF4BC6D497}.Release|iPhoneSimulator.ActiveCfg = Release|Any CPU
		{45CBF82E-1974-49DA-870A-C4FF4BC6D497}.Release|iPhoneSimulator.Build.0 = Release|Any CPU
		{646FAD16-6774-424E-B3E5-FFDE4B611040}.Ad-Hoc|iPhone.ActiveCfg = Ad-Hoc|iPhone
		{646FAD16-6774-424E-B3E5-FFDE4B611040}.Ad-Hoc|iPhone.Build.0 = Ad-Hoc|iPhone
		{646FAD16-6774-424E-B3E5-FFDE4B611040}.AppStore|iPhone.ActiveCfg = AppStore|iPhone
		{646FAD16-6774-424E-B3E5-FFDE4B611040}.AppStore|iPhone.Build.0 = AppStore|iPhone
		{646FAD16-6774-424E-B3E5-FFDE4B611040}.Debug|Any CPU.ActiveCfg = Debug|iPhoneSimulator
		{646FAD16-6774-424E-B3E5-FFDE4B611040}.Debug|Any CPU.Build.0 = Debug|iPhoneSimulator
		{646FAD16-6774-424E-B3E5-FFDE4B611040}.Debug|iPhone.ActiveCfg = Debug|iPhone
		{646FAD16-6774-424E-B3E5-FFDE4B611040}.Debug|iPhone.Build.0 = Debug|iPhone
		{646FAD16-6774-424E-B3E5-FFDE4B611040}.Debug|iPhoneSimulator.ActiveCfg = Debug|iPhoneSimulator
		{646FAD16-6774-424E-B3E5-FFDE4B611040}.Debug|iPhoneSimulator.Build.0 = Debug|iPhoneSimulator
		{646FAD16-6774-424E-B3E5-FFDE4B611040}.Release|Any CPU.ActiveCfg = Release|iPhoneSimulator
		{646FAD16-6774-424E-B3E5-FFDE4B611040}.Release|Any CPU.Build.0 = Release|iPhoneSimulator
		{646FAD16-6774-424E-B3E5-FFDE4B611040}.Release|iPhone.ActiveCfg = Release|iPhone
		{646FAD16-6774-424E-B3E5-FFDE4B611040}.Release|iPhone.Build.0 = Release|iPhone
		{646FAD16-6774-424E-B3E5-FFDE4B611040}.Release|iPhoneSimulator.ActiveCfg = Release|iPhoneSimulator
		{646FAD16-6774-424E-B3E5-FFDE4B611040}.Release|iPhoneSimulator.Build.0 = Release|iPhoneSimulator
		{6A1DEFE7-38CC-402B-9625-9947D8F5165D}.Ad-Hoc|iPhone.ActiveCfg = Debug|Any CPU
		{6A1DEFE7-38CC-402B-9625-9947D8F5165D}.Ad-Hoc|iPhone.Build.0 = Debug|Any CPU
		{6A1DEFE7-38CC-402B-9625-9947D8F5165D}.AppStore|iPhone.ActiveCfg = Debug|Any CPU
		{6A1DEFE7-38CC-402B-9625-9947D8F5165D}.AppStore|iPhone.Build.0 = Debug|Any CPU
		{6A1DEFE7-38CC-402B-9625-9947D8F5165D}.Debug|Any CPU.ActiveCfg = Debug|Any CPU
		{6A1DEFE7-38CC-402B-9625-9947D8F5165D}.Debug|Any CPU.Build.0 = Debug|Any CPU
		{6A1DEFE7-38CC-402B-9625-9947D8F5165D}.Debug|iPhone.ActiveCfg = Debug|Any CPU
		{6A1DEFE7-38CC-402B-9625-9947D8F5165D}.Debug|iPhone.Build.0 = Debug|Any CPU
		{6A1DEFE7-38CC-402B-9625-9947D8F5165D}.Debug|iPhoneSimulator.ActiveCfg = Debug|Any CPU
		{6A1DEFE7-38CC-402B-9625-9947D8F5165D}.Debug|iPhoneSimulator.Build.0 = Debug|Any CPU
		{6A1DEFE7-38CC-402B-9625-9947D8F5165D}.Release|Any CPU.ActiveCfg = Release|Any CPU
		{6A1DEFE7-38CC-402B-9625-9947D8F5165D}.Release|Any CPU.Build.0 = Release|Any CPU
		{6A1DEFE7-38CC-402B-9625-9947D8F5165D}.Release|iPhone.ActiveCfg = Release|Any CPU
		{6A1DEFE7-38CC-402B-9625-9947D8F5165D}.Release|iPhone.Build.0 = Release|Any CPU
		{6A1DEFE7-38CC-402B-9625-9947D8F5165D}.Release|iPhoneSimulator.ActiveCfg = Release|Any CPU
		{6A1DEFE7-38CC-402B-9625-9947D8F5165D}.Release|iPhoneSimulator.Build.0 = Release|Any CPU
		{D8409FDB-CA16-4111-8893-FF6B2C9A0434}.Ad-Hoc|iPhone.ActiveCfg = Debug|Any CPU
		{D8409FDB-CA16-4111-8893-FF6B2C9A0434}.Ad-Hoc|iPhone.Build.0 = Debug|Any CPU
		{D8409FDB-CA16-4111-8893-FF6B2C9A0434}.AppStore|iPhone.ActiveCfg = Debug|Any CPU
		{D8409FDB-CA16-4111-8893-FF6B2C9A0434}.AppStore|iPhone.Build.0 = Debug|Any CPU
		{D8409FDB-CA16-4111-8893-FF6B2C9A0434}.Debug|Any CPU.ActiveCfg = Debug|Any CPU
		{D8409FDB-CA16-4111-8893-FF6B2C9A0434}.Debug|Any CPU.Build.0 = Debug|Any CPU
		{D8409FDB-CA16-4111-8893-FF6B2C9A0434}.Debug|iPhone.ActiveCfg = Debug|Any CPU
		{D8409FDB-CA16-4111-8893-FF6B2C9A0434}.Debug|iPhone.Build.0 = Debug|Any CPU
		{D8409FDB-CA16-4111-8893-FF6B2C9A0434}.Debug|iPhoneSimulator.ActiveCfg = Debug|Any CPU
		{D8409FDB-CA16-4111-8893-FF6B2C9A0434}.Debug|iPhoneSimulator.Build.0 = Debug|Any CPU
		{D8409FDB-CA16-4111-8893-FF6B2C9A0434}.Release|Any CPU.ActiveCfg = Release|Any CPU
		{D8409FDB-CA16-4111-8893-FF6B2C9A0434}.Release|Any CPU.Build.0 = Release|Any CPU
		{D8409FDB-CA16-4111-8893-FF6B2C9A0434}.Release|iPhone.ActiveCfg = Release|Any CPU
		{D8409FDB-CA16-4111-8893-FF6B2C9A0434}.Release|iPhone.Build.0 = Release|Any CPU
		{D8409FDB-CA16-4111-8893-FF6B2C9A0434}.Release|iPhoneSimulator.ActiveCfg = Release|Any CPU
		{D8409FDB-CA16-4111-8893-FF6B2C9A0434}.Release|iPhoneSimulator.Build.0 = Release|Any CPU
	EndGlobalSection
	GlobalSection(MonoDevelopProperties) = preSolution
		StartupItem = touchCPVanity\touchCPVanity.csproj
	EndGlobalSection
EndGlobal
